
Microsoft Visual Studio Solution File, Format Version 12.00
# Visual Studio 15
VisualStudioVersion = 15.0.28307.271
MinimumVisualStudioVersion = 10.0.40219.1
Project("{9A19103F-16F7-4668-BE54-9A1E7A4F7556}") = "G19", "G19\G19.csproj", "{8323061B-DE32-47BE-8ED3-5E541CCD9C77}"
EndProject
Project("{9A19103F-16F7-4668-BE54-9A1E7A4F7556}") = "G19Test", "G19Test\G19Test.csproj", "{9009DA44-1651-430C-B6A7-AB0657FDDDBA}"
EndProject
Global
	GlobalSection(SolutionConfigurationPlatforms) = preSolution
		Debug|Any CPU = Debug|Any CPU
		Release|Any CPU = Release|Any CPU
	EndGlobalSection
	GlobalSection(ProjectConfigurationPlatforms) = postSolution
		{8323061B-DE32-47BE-8ED3-5E541CCD9C77}.Debug|Any CPU.ActiveCfg = Debug|Any CPU
		{8323061B-DE32-47BE-8ED3-5E541CCD9C77}.Debug|Any CPU.Build.0 = Debug|Any CPU
		{8323061B-DE32-47BE-8ED3-5E541CCD9C77}.Release|Any CPU.ActiveCfg = Release|Any CPU
		{8323061B-DE32-47BE-8ED3-5E541CCD9C77}.Release|Any CPU.Build.0 = Release|Any CPU
		{9009DA44-1651-430C-B6A7-AB0657FDDDBA}.Debug|Any CPU.ActiveCfg = Debug|Any CPU
		{9009DA44-1651-430C-B6A7-AB0657FDDDBA}.Debug|Any CPU.Build.0 = Debug|Any CPU
		{9009DA44-1651-430C-B6A7-AB0657FDDDBA}.Release|Any CPU.ActiveCfg = Release|Any CPU
		{9009DA44-1651-430C-B6A7-AB0657FDDDBA}.Release|Any CPU.Build.0 = Release|Any CPU
	EndGlobalSection
	GlobalSection(SolutionProperties) = preSolution
		HideSolutionNode = FALSE
	EndGlobalSection
	GlobalSection(ExtensibilityGlobals) = postSolution
		SolutionGuid = {6B61A646-22AF-43DE-A150-A36FA4795B42}
	EndGlobalSection
EndGlobal
